// !$*UTF8*$!
{
	archiveVersion = 1;
	classes = {
	};
	objectVersion = 48;
	objects = {

/* Begin PBXBuildFile section */
		06CDDFF22057E24C00C99D7A /* LieuxDataSource.swift in Sources */ = {isa = PBXBuildFile; fileRef = 06CDDFF12057E24C00C99D7A /* LieuxDataSource.swift */; };
		06CDDFF42057E4A000C99D7A /* LieuxTableViewCell.swift in Sources */ = {isa = PBXBuildFile; fileRef = 06CDDFF32057E4A000C99D7A /* LieuxTableViewCell.swift */; };
		3A3DFF1D205683EB00340835 /* Tarifs.storyboard in Resources */ = {isa = PBXBuildFile; fileRef = 3A3DFF1C205683EB00340835 /* Tarifs.storyboard */; };
		3A799972203EC0F700036941 /* circleView.swift in Sources */ = {isa = PBXBuildFile; fileRef = 3A79996C203EC0F700036941 /* circleView.swift */; };
		3A799973203EC0F700036941 /* LineView.swift in Sources */ = {isa = PBXBuildFile; fileRef = 3A79996D203EC0F700036941 /* LineView.swift */; };
		3A799974203EC0F700036941 /* TimeLineControl.swift in Sources */ = {isa = PBXBuildFile; fileRef = 3A79996E203EC0F700036941 /* TimeLineControl.swift */; };
		3AF2602C2035C18100D7E022 /* AppDelegate.swift in Sources */ = {isa = PBXBuildFile; fileRef = 3AF2602B2035C18100D7E022 /* AppDelegate.swift */; };
		3AF2602E2035C18100D7E022 /* ViewController.swift in Sources */ = {isa = PBXBuildFile; fileRef = 3AF2602D2035C18100D7E022 /* ViewController.swift */; };
		3AF260312035C18100D7E022 /* Main.storyboard in Resources */ = {isa = PBXBuildFile; fileRef = 3AF2602F2035C18100D7E022 /* Main.storyboard */; };
		3AF260362035C18100D7E022 /* LaunchScreen.storyboard in Resources */ = {isa = PBXBuildFile; fileRef = 3AF260342035C18100D7E022 /* LaunchScreen.storyboard */; };
		3AF2603F2035C22600D7E022 /* AgendaViewController.swift in Sources */ = {isa = PBXBuildFile; fileRef = 3AF2603E2035C22600D7E022 /* AgendaViewController.swift */; };
		3AF260412035C23200D7E022 /* Agenda.storyboard in Resources */ = {isa = PBXBuildFile; fileRef = 3AF260402035C23200D7E022 /* Agenda.storyboard */; };
		3AF260442035C3BA00D7E022 /* ProgrammeViewController.swift in Sources */ = {isa = PBXBuildFile; fileRef = 3AF260432035C3BA00D7E022 /* ProgrammeViewController.swift */; };
		3AF260462035C3C100D7E022 /* Programme.storyboard in Resources */ = {isa = PBXBuildFile; fileRef = 3AF260452035C3C100D7E022 /* Programme.storyboard */; };
		944ABB5B3A83C70F3A0BD1D2 /* Pods_fnfa.framework in Frameworks */ = {isa = PBXBuildFile; fileRef = 7DE1B9ACA7C0551D06906509 /* Pods_fnfa.framework */; };
		A55722B92056871000BBF2E9 /* LieuxViewController.swift in Sources */ = {isa = PBXBuildFile; fileRef = A55722B82056871000BBF2E9 /* LieuxViewController.swift */; };
		A55722BF2056875000BBF2E9 /* Lieux.storyboard in Resources */ = {isa = PBXBuildFile; fileRef = A55722BE2056875000BBF2E9 /* Lieux.storyboard */; };
		A55722C72056D24000BBF2E9 /* BottomVC.swift in Sources */ = {isa = PBXBuildFile; fileRef = A55722C32056D24000BBF2E9 /* BottomVC.swift */; };
		A55722C92056D24400BBF2E9 /* ContentVC.swift in Sources */ = {isa = PBXBuildFile; fileRef = A55722C82056D24400BBF2E9 /* ContentVC.swift */; };
		A55722CB2056DCDD00BBF2E9 /* Annotation.swift in Sources */ = {isa = PBXBuildFile; fileRef = A55722CA2056DCDD00BBF2E9 /* Annotation.swift */; };
		AF67AB2220592FCC000AFE27 /* TarifsViewController.swift in Sources */ = {isa = PBXBuildFile; fileRef = AF67AB2120592FCC000AFE27 /* TarifsViewController.swift */; };
		AF6DA5402057205400AD82F1 /* ProgrammeDetailViewController.swift in Sources */ = {isa = PBXBuildFile; fileRef = AF6DA53F2057205400AD82F1 /* ProgrammeDetailViewController.swift */; };
		AF6DA5422057326C00AD82F1 /* ProgrammeDetail.storyboard in Resources */ = {isa = PBXBuildFile; fileRef = AF6DA5412057326C00AD82F1 /* ProgrammeDetail.storyboard */; };
		AF801751203CECBE00233FB9 /* FilterButton.swift in Sources */ = {isa = PBXBuildFile; fileRef = AF801750203CECBE00233FB9 /* FilterButton.swift */; };
		AF9AA6F2203916EC000A1BF4 /* EventCollectionViewCell.swift in Sources */ = {isa = PBXBuildFile; fileRef = AF9AA6F0203916EC000A1BF4 /* EventCollectionViewCell.swift */; };
		AF9AA6F3203916EC000A1BF4 /* EventCollectionViewCell.xib in Resources */ = {isa = PBXBuildFile; fileRef = AF9AA6F1203916EC000A1BF4 /* EventCollectionViewCell.xib */; };
		AF9AA6F62039224F000A1BF4 /* AgendaTableViewCell.swift in Sources */ = {isa = PBXBuildFile; fileRef = AF9AA6F42039224F000A1BF4 /* AgendaTableViewCell.swift */; };
		AF9AA6F72039224F000A1BF4 /* AgendaTableViewCell.xib in Resources */ = {isa = PBXBuildFile; fileRef = AF9AA6F52039224F000A1BF4 /* AgendaTableViewCell.xib */; };
		AFCDE2BA203A6B0000D57078 /* NoItemCollectionViewCell.swift in Sources */ = {isa = PBXBuildFile; fileRef = AFCDE2B8203A6B0000D57078 /* NoItemCollectionViewCell.swift */; };
		AFCDE2BB203A6B0000D57078 /* NoItemCollectionViewCell.xib in Resources */ = {isa = PBXBuildFile; fileRef = AFCDE2B9203A6B0000D57078 /* NoItemCollectionViewCell.xib */; };
		AFF894C0203C4A7B00AA1387 /* Assets.xcassets in Resources */ = {isa = PBXBuildFile; fileRef = AFF894BF203C4A7B00AA1387 /* Assets.xcassets */; };
		AFF894C2203C4C3200AA1387 /* ProgrammeDataSource.swift in Sources */ = {isa = PBXBuildFile; fileRef = AFF894C1203C4C3200AA1387 /* ProgrammeDataSource.swift */; };
		AFF894C5203C4D9800AA1387 /* ProgrammeCollectionViewCell.swift in Sources */ = {isa = PBXBuildFile; fileRef = AFF894C3203C4D9800AA1387 /* ProgrammeCollectionViewCell.swift */; };
		AFF894C6203C4D9800AA1387 /* ProgrammeCollectionViewCell.xib in Resources */ = {isa = PBXBuildFile; fileRef = AFF894C4203C4D9800AA1387 /* ProgrammeCollectionViewCell.xib */; };
		C36DA4D8111E9C092903D934 /* .gitignore in Resources */ = {isa = PBXBuildFile; fileRef = C36DAD6B727E2ADC4EB7B7BF /* .gitignore */; };
		FBD9106799CC42E4B7D619E2 /* places.json in Resources */ = {isa = PBXBuildFile; fileRef = FBD91567A5C3F1F3850D0D10 /* places.json */; };
		FBD910B8637EC8189D3E0860 /* events.json in Resources */ = {isa = PBXBuildFile; fileRef = FBD91716F149762F6E15A991 /* events.json */; };
		FBD91186237305BFD8410EE0 /* NameProtocol.swift in Sources */ = {isa = PBXBuildFile; fileRef = FBD9151F32EB1F15028BA888 /* NameProtocol.swift */; };
		FBD91493F3C188E7149A19BE /* Event.swift in Sources */ = {isa = PBXBuildFile; fileRef = FBD91AB4B6909CDFF62E13F2 /* Event.swift */; };
		FBD916A38D771EF8DA38C878 /* Extensions.swift in Sources */ = {isa = PBXBuildFile; fileRef = FBD910005F1EFF514159592A /* Extensions.swift */; };
		FBD91759918FEEEEDE7F709F /* DataMapper.swift in Sources */ = {isa = PBXBuildFile; fileRef = FBD91DD94E643737174D795D /* DataMapper.swift */; };
		FBD91821DBE596FA810DE019 /* Utils.swift in Sources */ = {isa = PBXBuildFile; fileRef = FBD91142E501C4BCC4096730 /* Utils.swift */; };
		FBD91A6BDC790E1C8C2C88AA /* Category.swift in Sources */ = {isa = PBXBuildFile; fileRef = FBD91B861A5A6AFF957F2C5C /* Category.swift */; };
		FBD91BA9775BA429CB0F1C6E /* IdProtocol.swift in Sources */ = {isa = PBXBuildFile; fileRef = FBD917417AE1BA4C1533768D /* IdProtocol.swift */; };
		FBD91BCF79065D2B51E6213D /* EventsDataSource.swift in Sources */ = {isa = PBXBuildFile; fileRef = FBD910E20F8AA05FC1D15BCA /* EventsDataSource.swift */; };
		FBD91C3DF093D973C7B6E280 /* categories.json in Resources */ = {isa = PBXBuildFile; fileRef = FBD918580D0241B11031E355 /* categories.json */; };
		FBD91E79AD1400659FE15AA4 /* Place.swift in Sources */ = {isa = PBXBuildFile; fileRef = FBD91A7CB537086DE48D694C /* Place.swift */; };
		FBD91EE95CF7BE307D24FCC4 /* Date.swift in Sources */ = {isa = PBXBuildFile; fileRef = FBD91500E64F4F8C07A106C9 /* Date.swift */; };
/* End PBXBuildFile section */

/* Begin PBXContainerItemProxy section */
		3AD06126203EB8CF0049AE6B /* PBXContainerItemProxy */ = {
			isa = PBXContainerItemProxy;
			containerPortal = 3AD06120203EB8CE0049AE6B /* TimeLine.xcodeproj */;
			proxyType = 2;
			remoteGlobalIDString = 06562547203343EE00AB6D5F;
			remoteInfo = TimeLine;
		};
		3AD06128203EB8CF0049AE6B /* PBXContainerItemProxy */ = {
			isa = PBXContainerItemProxy;
			containerPortal = 3AD06120203EB8CE0049AE6B /* TimeLine.xcodeproj */;
			proxyType = 2;
			remoteGlobalIDString = 0656255B203343EE00AB6D5F;
			remoteInfo = TimeLineTests;
		};
		3AD0612A203EB8CF0049AE6B /* PBXContainerItemProxy */ = {
			isa = PBXContainerItemProxy;
			containerPortal = 3AD06120203EB8CE0049AE6B /* TimeLine.xcodeproj */;
			proxyType = 2;
			remoteGlobalIDString = 06562566203343EE00AB6D5F;
			remoteInfo = TimeLineUITests;
		};
/* End PBXContainerItemProxy section */

/* Begin PBXFileReference section */
		06CDDFF12057E24C00C99D7A /* LieuxDataSource.swift */ = {isa = PBXFileReference; lastKnownFileType = sourcecode.swift; path = LieuxDataSource.swift; sourceTree = "<group>"; };
		06CDDFF32057E4A000C99D7A /* LieuxTableViewCell.swift */ = {isa = PBXFileReference; lastKnownFileType = sourcecode.swift; path = LieuxTableViewCell.swift; sourceTree = "<group>"; };
		1AF4F4C03221CE5F39069D43 /* Pods-fnfa.debug.xcconfig */ = {isa = PBXFileReference; includeInIndex = 1; lastKnownFileType = text.xcconfig; name = "Pods-fnfa.debug.xcconfig"; path = "Pods/Target Support Files/Pods-fnfa/Pods-fnfa.debug.xcconfig"; sourceTree = "<group>"; };
		3A3DFF1C205683EB00340835 /* Tarifs.storyboard */ = {isa = PBXFileReference; lastKnownFileType = file.storyboard; path = Tarifs.storyboard; sourceTree = "<group>"; };
		3A79996C203EC0F700036941 /* circleView.swift */ = {isa = PBXFileReference; fileEncoding = 4; lastKnownFileType = sourcecode.swift; path = circleView.swift; sourceTree = "<group>"; };
		3A79996D203EC0F700036941 /* LineView.swift */ = {isa = PBXFileReference; fileEncoding = 4; lastKnownFileType = sourcecode.swift; path = LineView.swift; sourceTree = "<group>"; };
		3A79996E203EC0F700036941 /* TimeLineControl.swift */ = {isa = PBXFileReference; fileEncoding = 4; lastKnownFileType = sourcecode.swift; path = TimeLineControl.swift; sourceTree = "<group>"; };
		3AD06120203EB8CE0049AE6B /* TimeLine.xcodeproj */ = {isa = PBXFileReference; lastKnownFileType = "wrapper.pb-project"; name = TimeLine.xcodeproj; path = "../swift-interval-slider/TimeLine.xcodeproj"; sourceTree = "<group>"; };
		3AF260282035C18100D7E022 /* fnfa.app */ = {isa = PBXFileReference; explicitFileType = wrapper.application; includeInIndex = 0; path = fnfa.app; sourceTree = BUILT_PRODUCTS_DIR; };
		3AF2602B2035C18100D7E022 /* AppDelegate.swift */ = {isa = PBXFileReference; lastKnownFileType = sourcecode.swift; path = AppDelegate.swift; sourceTree = "<group>"; };
		3AF2602D2035C18100D7E022 /* ViewController.swift */ = {isa = PBXFileReference; lastKnownFileType = sourcecode.swift; path = ViewController.swift; sourceTree = "<group>"; };
		3AF260302035C18100D7E022 /* Base */ = {isa = PBXFileReference; lastKnownFileType = file.storyboard; name = Base; path = Base.lproj/Main.storyboard; sourceTree = "<group>"; };
		3AF260352035C18100D7E022 /* Base */ = {isa = PBXFileReference; lastKnownFileType = file.storyboard; name = Base; path = Base.lproj/LaunchScreen.storyboard; sourceTree = "<group>"; };
		3AF260372035C18100D7E022 /* Info.plist */ = {isa = PBXFileReference; lastKnownFileType = text.plist.xml; path = Info.plist; sourceTree = "<group>"; };
		3AF2603E2035C22600D7E022 /* AgendaViewController.swift */ = {isa = PBXFileReference; lastKnownFileType = sourcecode.swift; path = AgendaViewController.swift; sourceTree = "<group>"; };
		3AF260402035C23200D7E022 /* Agenda.storyboard */ = {isa = PBXFileReference; lastKnownFileType = file.storyboard; path = Agenda.storyboard; sourceTree = "<group>"; };
		3AF260432035C3BA00D7E022 /* ProgrammeViewController.swift */ = {isa = PBXFileReference; lastKnownFileType = sourcecode.swift; path = ProgrammeViewController.swift; sourceTree = "<group>"; };
		3AF260452035C3C100D7E022 /* Programme.storyboard */ = {isa = PBXFileReference; lastKnownFileType = file.storyboard; path = Programme.storyboard; sourceTree = "<group>"; };
		7DE1B9ACA7C0551D06906509 /* Pods_fnfa.framework */ = {isa = PBXFileReference; explicitFileType = wrapper.framework; includeInIndex = 0; path = Pods_fnfa.framework; sourceTree = BUILT_PRODUCTS_DIR; };
		A55722B82056871000BBF2E9 /* LieuxViewController.swift */ = {isa = PBXFileReference; lastKnownFileType = sourcecode.swift; path = LieuxViewController.swift; sourceTree = "<group>"; };
		A55722BE2056875000BBF2E9 /* Lieux.storyboard */ = {isa = PBXFileReference; lastKnownFileType = file.storyboard; path = Lieux.storyboard; sourceTree = "<group>"; };
		A55722C32056D24000BBF2E9 /* BottomVC.swift */ = {isa = PBXFileReference; lastKnownFileType = sourcecode.swift; path = BottomVC.swift; sourceTree = "<group>"; };
		A55722C82056D24400BBF2E9 /* ContentVC.swift */ = {isa = PBXFileReference; lastKnownFileType = sourcecode.swift; path = ContentVC.swift; sourceTree = "<group>"; };
		A55722CA2056DCDD00BBF2E9 /* Annotation.swift */ = {isa = PBXFileReference; lastKnownFileType = sourcecode.swift; path = Annotation.swift; sourceTree = "<group>"; };
		AF67AB2120592FCC000AFE27 /* TarifsViewController.swift */ = {isa = PBXFileReference; lastKnownFileType = sourcecode.swift; path = TarifsViewController.swift; sourceTree = "<group>"; };
		AF6DA53F2057205400AD82F1 /* ProgrammeDetailViewController.swift */ = {isa = PBXFileReference; lastKnownFileType = sourcecode.swift; path = ProgrammeDetailViewController.swift; sourceTree = "<group>"; };
		AF6DA5412057326C00AD82F1 /* ProgrammeDetail.storyboard */ = {isa = PBXFileReference; lastKnownFileType = file.storyboard; path = ProgrammeDetail.storyboard; sourceTree = "<group>"; };
		AF801750203CECBE00233FB9 /* FilterButton.swift */ = {isa = PBXFileReference; lastKnownFileType = sourcecode.swift; path = FilterButton.swift; sourceTree = "<group>"; };
		AF9AA6F0203916EC000A1BF4 /* EventCollectionViewCell.swift */ = {isa = PBXFileReference; lastKnownFileType = sourcecode.swift; path = EventCollectionViewCell.swift; sourceTree = "<group>"; };
		AF9AA6F1203916EC000A1BF4 /* EventCollectionViewCell.xib */ = {isa = PBXFileReference; lastKnownFileType = file.xib; path = EventCollectionViewCell.xib; sourceTree = "<group>"; };
		AF9AA6F42039224F000A1BF4 /* AgendaTableViewCell.swift */ = {isa = PBXFileReference; lastKnownFileType = sourcecode.swift; path = AgendaTableViewCell.swift; sourceTree = "<group>"; };
		AF9AA6F52039224F000A1BF4 /* AgendaTableViewCell.xib */ = {isa = PBXFileReference; lastKnownFileType = file.xib; path = AgendaTableViewCell.xib; sourceTree = "<group>"; };
		AFCDE2B8203A6B0000D57078 /* NoItemCollectionViewCell.swift */ = {isa = PBXFileReference; lastKnownFileType = sourcecode.swift; path = NoItemCollectionViewCell.swift; sourceTree = "<group>"; };
		AFCDE2B9203A6B0000D57078 /* NoItemCollectionViewCell.xib */ = {isa = PBXFileReference; lastKnownFileType = file.xib; path = NoItemCollectionViewCell.xib; sourceTree = "<group>"; };
		AFF894BF203C4A7B00AA1387 /* Assets.xcassets */ = {isa = PBXFileReference; lastKnownFileType = folder.assetcatalog; path = Assets.xcassets; sourceTree = "<group>"; };
		AFF894C1203C4C3200AA1387 /* ProgrammeDataSource.swift */ = {isa = PBXFileReference; lastKnownFileType = sourcecode.swift; path = ProgrammeDataSource.swift; sourceTree = "<group>"; };
		AFF894C3203C4D9800AA1387 /* ProgrammeCollectionViewCell.swift */ = {isa = PBXFileReference; lastKnownFileType = sourcecode.swift; path = ProgrammeCollectionViewCell.swift; sourceTree = "<group>"; };
		AFF894C4203C4D9800AA1387 /* ProgrammeCollectionViewCell.xib */ = {isa = PBXFileReference; lastKnownFileType = file.xib; path = ProgrammeCollectionViewCell.xib; sourceTree = "<group>"; };
		C36DAD6B727E2ADC4EB7B7BF /* .gitignore */ = {isa = PBXFileReference; lastKnownFileType = file.gitignore; path = .gitignore; sourceTree = "<group>"; };
		D28F6579E1123505B8D33BD6 /* Pods-fnfa.release.xcconfig */ = {isa = PBXFileReference; includeInIndex = 1; lastKnownFileType = text.xcconfig; name = "Pods-fnfa.release.xcconfig"; path = "Pods/Target Support Files/Pods-fnfa/Pods-fnfa.release.xcconfig"; sourceTree = "<group>"; };
		FBD910005F1EFF514159592A /* Extensions.swift */ = {isa = PBXFileReference; fileEncoding = 4; lastKnownFileType = sourcecode.swift; path = Extensions.swift; sourceTree = "<group>"; };
		FBD910E20F8AA05FC1D15BCA /* EventsDataSource.swift */ = {isa = PBXFileReference; fileEncoding = 4; lastKnownFileType = sourcecode.swift; path = EventsDataSource.swift; sourceTree = "<group>"; };
		FBD91142E501C4BCC4096730 /* Utils.swift */ = {isa = PBXFileReference; fileEncoding = 4; lastKnownFileType = sourcecode.swift; path = Utils.swift; sourceTree = "<group>"; };
		FBD91500E64F4F8C07A106C9 /* Date.swift */ = {isa = PBXFileReference; fileEncoding = 4; lastKnownFileType = sourcecode.swift; path = Date.swift; sourceTree = "<group>"; };
		FBD9151F32EB1F15028BA888 /* NameProtocol.swift */ = {isa = PBXFileReference; fileEncoding = 4; lastKnownFileType = sourcecode.swift; path = NameProtocol.swift; sourceTree = "<group>"; };
		FBD91567A5C3F1F3850D0D10 /* places.json */ = {isa = PBXFileReference; fileEncoding = 4; lastKnownFileType = text.json; path = places.json; sourceTree = "<group>"; };
		FBD91716F149762F6E15A991 /* events.json */ = {isa = PBXFileReference; fileEncoding = 4; lastKnownFileType = text.json; path = events.json; sourceTree = "<group>"; };
		FBD917417AE1BA4C1533768D /* IdProtocol.swift */ = {isa = PBXFileReference; fileEncoding = 4; lastKnownFileType = sourcecode.swift; path = IdProtocol.swift; sourceTree = "<group>"; };
		FBD918580D0241B11031E355 /* categories.json */ = {isa = PBXFileReference; fileEncoding = 4; lastKnownFileType = text.json; path = categories.json; sourceTree = "<group>"; };
		FBD91A7CB537086DE48D694C /* Place.swift */ = {isa = PBXFileReference; fileEncoding = 4; lastKnownFileType = sourcecode.swift; path = Place.swift; sourceTree = "<group>"; };
		FBD91AB4B6909CDFF62E13F2 /* Event.swift */ = {isa = PBXFileReference; fileEncoding = 4; lastKnownFileType = sourcecode.swift; path = Event.swift; sourceTree = "<group>"; };
		FBD91B861A5A6AFF957F2C5C /* Category.swift */ = {isa = PBXFileReference; fileEncoding = 4; lastKnownFileType = sourcecode.swift; path = Category.swift; sourceTree = "<group>"; };
		FBD91DD94E643737174D795D /* DataMapper.swift */ = {isa = PBXFileReference; fileEncoding = 4; lastKnownFileType = sourcecode.swift; path = DataMapper.swift; sourceTree = "<group>"; };
/* End PBXFileReference section */

/* Begin PBXFrameworksBuildPhase section */
		3AF260252035C18100D7E022 /* Frameworks */ = {
			isa = PBXFrameworksBuildPhase;
			buildActionMask = 2147483647;
			files = (
				944ABB5B3A83C70F3A0BD1D2 /* Pods_fnfa.framework in Frameworks */,
			);
			runOnlyForDeploymentPostprocessing = 0;
		};
/* End PBXFrameworksBuildPhase section */

/* Begin PBXGroup section */
		3A3DFF18205683DA00340835 /* Tarifs */ = {
			isa = PBXGroup;
			children = (
				3A3DFF1C205683EB00340835 /* Tarifs.storyboard */,
				AF67AB2120592FCC000AFE27 /* TarifsViewController.swift */,
			);
			path = Tarifs;
			sourceTree = "<group>";
		};
		3A79996B203EC0F700036941 /* TimeLine */ = {
			isa = PBXGroup;
			children = (
				3A79996C203EC0F700036941 /* circleView.swift */,
				3A79996D203EC0F700036941 /* LineView.swift */,
				3A79996E203EC0F700036941 /* TimeLineControl.swift */,
			);
			path = TimeLine;
			sourceTree = "<group>";
		};
		3AD06121203EB8CE0049AE6B /* Products */ = {
			isa = PBXGroup;
			children = (
				3AD06127203EB8CF0049AE6B /* TimeLine.app */,
				3AD06129203EB8CF0049AE6B /* TimeLineTests.xctest */,
				3AD0612B203EB8CF0049AE6B /* TimeLineUITests.xctest */,
			);
			name = Products;
			sourceTree = "<group>";
		};
		3AF2601F2035C18100D7E022 = {
			isa = PBXGroup;
			children = (
				3AF2602A2035C18100D7E022 /* fnfa */,
				3AF260292035C18100D7E022 /* Products */,
				C36DAD6B727E2ADC4EB7B7BF /* .gitignore */,
				4A3A174A8C9309EFD4B50154 /* Pods */,
				3C1C336D609A18A4EF0ADFE1 /* Frameworks */,
			);
			sourceTree = "<group>";
		};
		3AF260292035C18100D7E022 /* Products */ = {
			isa = PBXGroup;
			children = (
				3AF260282035C18100D7E022 /* fnfa.app */,
			);
			name = Products;
			sourceTree = "<group>";
		};
		3AF2602A2035C18100D7E022 /* fnfa */ = {
			isa = PBXGroup;
			children = (
				A55722BD2056872400BBF2E9 /* Lieux */,
				3A3DFF18205683DA00340835 /* Tarifs */,
				3A79996B203EC0F700036941 /* TimeLine */,
				AFF894BF203C4A7B00AA1387 /* Assets.xcassets */,
				3AF260422035C3A000D7E022 /* Programme */,
				3AF2603D2035C20B00D7E022 /* Agenda */,
				3AF2602B2035C18100D7E022 /* AppDelegate.swift */,
				3AF2602D2035C18100D7E022 /* ViewController.swift */,
				3AF2602F2035C18100D7E022 /* Main.storyboard */,
				3AF260342035C18100D7E022 /* LaunchScreen.storyboard */,
				3AF260372035C18100D7E022 /* Info.plist */,
				FBD91F7C0218CD392E9A055B /* Models */,
				FBD9168F459F7DA4FEC9E16F /* Data */,
				FBD910005F1EFF514159592A /* Extensions.swift */,
				FBD91142E501C4BCC4096730 /* Utils.swift */,
			);
			path = fnfa;
			sourceTree = "<group>";
		};
		3AF2603D2035C20B00D7E022 /* Agenda */ = {
			isa = PBXGroup;
			children = (
				3AF2603E2035C22600D7E022 /* AgendaViewController.swift */,
				3AF260402035C23200D7E022 /* Agenda.storyboard */,
				AF9AA6F0203916EC000A1BF4 /* EventCollectionViewCell.swift */,
				AF9AA6F1203916EC000A1BF4 /* EventCollectionViewCell.xib */,
				AF9AA6F42039224F000A1BF4 /* AgendaTableViewCell.swift */,
				AF9AA6F52039224F000A1BF4 /* AgendaTableViewCell.xib */,
				FBD910E20F8AA05FC1D15BCA /* EventsDataSource.swift */,
				AFCDE2B8203A6B0000D57078 /* NoItemCollectionViewCell.swift */,
				AFCDE2B9203A6B0000D57078 /* NoItemCollectionViewCell.xib */,
			);
			path = Agenda;
			sourceTree = "<group>";
		};
		3AF260422035C3A000D7E022 /* Programme */ = {
			isa = PBXGroup;
			children = (
				3AF260432035C3BA00D7E022 /* ProgrammeViewController.swift */,
				3AF260452035C3C100D7E022 /* Programme.storyboard */,
				AFF894C1203C4C3200AA1387 /* ProgrammeDataSource.swift */,
				AFF894C3203C4D9800AA1387 /* ProgrammeCollectionViewCell.swift */,
				AFF894C4203C4D9800AA1387 /* ProgrammeCollectionViewCell.xib */,
				AF801750203CECBE00233FB9 /* FilterButton.swift */,
				AF6DA53F2057205400AD82F1 /* ProgrammeDetailViewController.swift */,
				AF6DA5412057326C00AD82F1 /* ProgrammeDetail.storyboard */,
			);
			path = Programme;
			sourceTree = "<group>";
		};
		3C1C336D609A18A4EF0ADFE1 /* Frameworks */ = {
			isa = PBXGroup;
			children = (
				3AD06120203EB8CE0049AE6B /* TimeLine.xcodeproj */,
				7DE1B9ACA7C0551D06906509 /* Pods_fnfa.framework */,
			);
			name = Frameworks;
			sourceTree = "<group>";
		};
		4A3A174A8C9309EFD4B50154 /* Pods */ = {
			isa = PBXGroup;
			children = (
				1AF4F4C03221CE5F39069D43 /* Pods-fnfa.debug.xcconfig */,
				D28F6579E1123505B8D33BD6 /* Pods-fnfa.release.xcconfig */,
			);
			name = Pods;
			sourceTree = "<group>";
		};
		A55722BD2056872400BBF2E9 /* Lieux */ = {
			isa = PBXGroup;
			children = (
				A55722B82056871000BBF2E9 /* LieuxViewController.swift */,
				06CDDFF12057E24C00C99D7A /* LieuxDataSource.swift */,
				A55722C32056D24000BBF2E9 /* BottomVC.swift */,
				06CDDFF32057E4A000C99D7A /* LieuxTableViewCell.swift */,
				A55722C82056D24400BBF2E9 /* ContentVC.swift */,
				A55722CA2056DCDD00BBF2E9 /* Annotation.swift */,
				A55722BE2056875000BBF2E9 /* Lieux.storyboard */,
			);
			name = Lieux;
			path = "New Group";
			sourceTree = "<group>";
		};
		FBD9168F459F7DA4FEC9E16F /* Data */ = {
			isa = PBXGroup;
			children = (
				FBD91716F149762F6E15A991 /* events.json */,
				FBD91567A5C3F1F3850D0D10 /* places.json */,
				FBD918580D0241B11031E355 /* categories.json */,
				FBD91DD94E643737174D795D /* DataMapper.swift */,
				FBD917417AE1BA4C1533768D /* IdProtocol.swift */,
				FBD9151F32EB1F15028BA888 /* NameProtocol.swift */,
			);
			path = Data;
			sourceTree = "<group>";
		};
		FBD91F7C0218CD392E9A055B /* Models */ = {
			isa = PBXGroup;
			children = (
				FBD91500E64F4F8C07A106C9 /* Date.swift */,
				FBD91AB4B6909CDFF62E13F2 /* Event.swift */,
				FBD91A7CB537086DE48D694C /* Place.swift */,
				FBD91B861A5A6AFF957F2C5C /* Category.swift */,
			);
			path = Models;
			sourceTree = "<group>";
		};
/* End PBXGroup section */

/* Begin PBXNativeTarget section */
		3AF260272035C18100D7E022 /* fnfa */ = {
			isa = PBXNativeTarget;
			buildConfigurationList = 3AF2603A2035C18100D7E022 /* Build configuration list for PBXNativeTarget "fnfa" */;
			buildPhases = (
				AAE426F2D0C6632621E992CF /* [CP] Check Pods Manifest.lock */,
				3AF260242035C18100D7E022 /* Sources */,
				3AF260252035C18100D7E022 /* Frameworks */,
				3AF260262035C18100D7E022 /* Resources */,
				376CBAEF282148B96849EBCE /* [CP] Embed Pods Frameworks */,
				CFFFC7C0FBECB592B820C354 /* [CP] Copy Pods Resources */,
			);
			buildRules = (
			);
			dependencies = (
			);
			name = fnfa;
			productName = fnfa;
			productReference = 3AF260282035C18100D7E022 /* fnfa.app */;
			productType = "com.apple.product-type.application";
		};
/* End PBXNativeTarget section */

/* Begin PBXProject section */
		3AF260202035C18100D7E022 /* Project object */ = {
			isa = PBXProject;
			attributes = {
				LastSwiftUpdateCheck = 0920;
				LastUpgradeCheck = 0920;
				ORGANIZATIONNAME = "JBARA Omar";
				TargetAttributes = {
					3AF260272035C18100D7E022 = {
						CreatedOnToolsVersion = 9.2;
						ProvisioningStyle = Automatic;
					};
				};
			};
			buildConfigurationList = 3AF260232035C18100D7E022 /* Build configuration list for PBXProject "fnfa" */;
			compatibilityVersion = "Xcode 8.0";
			developmentRegion = en;
			hasScannedForEncodings = 0;
			knownRegions = (
				en,
				Base,
			);
			mainGroup = 3AF2601F2035C18100D7E022;
			productRefGroup = 3AF260292035C18100D7E022 /* Products */;
			projectDirPath = "";
			projectReferences = (
				{
					ProductGroup = 3AD06121203EB8CE0049AE6B /* Products */;
					ProjectRef = 3AD06120203EB8CE0049AE6B /* TimeLine.xcodeproj */;
				},
			);
			projectRoot = "";
			targets = (
				3AF260272035C18100D7E022 /* fnfa */,
			);
		};
/* End PBXProject section */

/* Begin PBXReferenceProxy section */
		3AD06127203EB8CF0049AE6B /* TimeLine.app */ = {
			isa = PBXReferenceProxy;
			fileType = wrapper.application;
			path = TimeLine.app;
			remoteRef = 3AD06126203EB8CF0049AE6B /* PBXContainerItemProxy */;
			sourceTree = BUILT_PRODUCTS_DIR;
		};
		3AD06129203EB8CF0049AE6B /* TimeLineTests.xctest */ = {
			isa = PBXReferenceProxy;
			fileType = wrapper.cfbundle;
			path = TimeLineTests.xctest;
			remoteRef = 3AD06128203EB8CF0049AE6B /* PBXContainerItemProxy */;
			sourceTree = BUILT_PRODUCTS_DIR;
		};
		3AD0612B203EB8CF0049AE6B /* TimeLineUITests.xctest */ = {
			isa = PBXReferenceProxy;
			fileType = wrapper.cfbundle;
			path = TimeLineUITests.xctest;
			remoteRef = 3AD0612A203EB8CF0049AE6B /* PBXContainerItemProxy */;
			sourceTree = BUILT_PRODUCTS_DIR;
		};
/* End PBXReferenceProxy section */

/* Begin PBXResourcesBuildPhase section */
		3AF260262035C18100D7E022 /* Resources */ = {
			isa = PBXResourcesBuildPhase;
			buildActionMask = 2147483647;
			files = (
				3AF260362035C18100D7E022 /* LaunchScreen.storyboard in Resources */,
				AF9AA6F72039224F000A1BF4 /* AgendaTableViewCell.xib in Resources */,
				3AF260462035C3C100D7E022 /* Programme.storyboard in Resources */,
				AFCDE2BB203A6B0000D57078 /* NoItemCollectionViewCell.xib in Resources */,
				AF9AA6F3203916EC000A1BF4 /* EventCollectionViewCell.xib in Resources */,
				AF6DA5422057326C00AD82F1 /* ProgrammeDetail.storyboard in Resources */,
				A55722BF2056875000BBF2E9 /* Lieux.storyboard in Resources */,
				3A3DFF1D205683EB00340835 /* Tarifs.storyboard in Resources */,
				3AF260412035C23200D7E022 /* Agenda.storyboard in Resources */,
				AFF894C6203C4D9800AA1387 /* ProgrammeCollectionViewCell.xib in Resources */,
				3AF260312035C18100D7E022 /* Main.storyboard in Resources */,
				C36DA4D8111E9C092903D934 /* .gitignore in Resources */,
				FBD910B8637EC8189D3E0860 /* events.json in Resources */,
				FBD9106799CC42E4B7D619E2 /* places.json in Resources */,
				AFF894C0203C4A7B00AA1387 /* Assets.xcassets in Resources */,
				FBD91C3DF093D973C7B6E280 /* categories.json in Resources */,
			);
			runOnlyForDeploymentPostprocessing = 0;
		};
/* End PBXResourcesBuildPhase section */

/* Begin PBXShellScriptBuildPhase section */
		376CBAEF282148B96849EBCE /* [CP] Embed Pods Frameworks */ = {
			isa = PBXShellScriptBuildPhase;
			buildActionMask = 2147483647;
			files = (
			);
			inputPaths = (
				"${SRCROOT}/Pods/Target Support Files/Pods-fnfa/Pods-fnfa-frameworks.sh",
				"${BUILT_PRODUCTS_DIR}/ISHHoverBar/ISHHoverBar.framework",
				"${BUILT_PRODUCTS_DIR}/ISHPullUp/ISHPullUp.framework",
				"${BUILT_PRODUCTS_DIR}/SDWebImage/SDWebImage.framework",
				"${BUILT_PRODUCTS_DIR}/UPCarouselFlowLayout/UPCarouselFlowLayout.framework",
			);
			name = "[CP] Embed Pods Frameworks";
			outputPaths = (
				"${TARGET_BUILD_DIR}/${FRAMEWORKS_FOLDER_PATH}/ISHHoverBar.framework",
				"${TARGET_BUILD_DIR}/${FRAMEWORKS_FOLDER_PATH}/ISHPullUp.framework",
				"${TARGET_BUILD_DIR}/${FRAMEWORKS_FOLDER_PATH}/SDWebImage.framework",
				"${TARGET_BUILD_DIR}/${FRAMEWORKS_FOLDER_PATH}/UPCarouselFlowLayout.framework",
			);
			runOnlyForDeploymentPostprocessing = 0;
			shellPath = /bin/sh;
			shellScript = "\"${SRCROOT}/Pods/Target Support Files/Pods-fnfa/Pods-fnfa-frameworks.sh\"\n";
			showEnvVarsInLog = 0;
		};
		AAE426F2D0C6632621E992CF /* [CP] Check Pods Manifest.lock */ = {
			isa = PBXShellScriptBuildPhase;
			buildActionMask = 2147483647;
			files = (
			);
			inputPaths = (
				"${PODS_PODFILE_DIR_PATH}/Podfile.lock",
				"${PODS_ROOT}/Manifest.lock",
			);
			name = "[CP] Check Pods Manifest.lock";
			outputPaths = (
				"$(DERIVED_FILE_DIR)/Pods-fnfa-checkManifestLockResult.txt",
			);
			runOnlyForDeploymentPostprocessing = 0;
			shellPath = /bin/sh;
			shellScript = "diff \"${PODS_PODFILE_DIR_PATH}/Podfile.lock\" \"${PODS_ROOT}/Manifest.lock\" > /dev/null\nif [ $? != 0 ] ; then\n    # print error to STDERR\n    echo \"error: The sandbox is not in sync with the Podfile.lock. Run 'pod install' or update your CocoaPods installation.\" >&2\n    exit 1\nfi\n# This output is used by Xcode 'outputs' to avoid re-running this script phase.\necho \"SUCCESS\" > \"${SCRIPT_OUTPUT_FILE_0}\"\n";
			showEnvVarsInLog = 0;
		};
		CFFFC7C0FBECB592B820C354 /* [CP] Copy Pods Resources */ = {
			isa = PBXShellScriptBuildPhase;
			buildActionMask = 2147483647;
			files = (
			);
			inputPaths = (
			);
			name = "[CP] Copy Pods Resources";
			outputPaths = (
			);
			runOnlyForDeploymentPostprocessing = 0;
			shellPath = /bin/sh;
			shellScript = "\"${SRCROOT}/Pods/Target Support Files/Pods-fnfa/Pods-fnfa-resources.sh\"\n";
			showEnvVarsInLog = 0;
		};
/* End PBXShellScriptBuildPhase section */

/* Begin PBXSourcesBuildPhase section */
		3AF260242035C18100D7E022 /* Sources */ = {
			isa = PBXSourcesBuildPhase;
			buildActionMask = 2147483647;
			files = (
				AF9AA6F2203916EC000A1BF4 /* EventCollectionViewCell.swift in Sources */,
				3AF2602E2035C18100D7E022 /* ViewController.swift in Sources */,
				3AF260442035C3BA00D7E022 /* ProgrammeViewController.swift in Sources */,
				3AF2602C2035C18100D7E022 /* AppDelegate.swift in Sources */,
				AF6DA5402057205400AD82F1 /* ProgrammeDetailViewController.swift in Sources */,
				3AF2603F2035C22600D7E022 /* AgendaViewController.swift in Sources */,
				AFF894C2203C4C3200AA1387 /* ProgrammeDataSource.swift in Sources */,
				AF9AA6F62039224F000A1BF4 /* AgendaTableViewCell.swift in Sources */,
				AF801751203CECBE00233FB9 /* FilterButton.swift in Sources */,
				AFF894C5203C4D9800AA1387 /* ProgrammeCollectionViewCell.swift in Sources */,
				06CDDFF42057E4A000C99D7A /* LieuxTableViewCell.swift in Sources */,
				FBD91EE95CF7BE307D24FCC4 /* Date.swift in Sources */,
				FBD91493F3C188E7149A19BE /* Event.swift in Sources */,
				AFCDE2BA203A6B0000D57078 /* NoItemCollectionViewCell.swift in Sources */,
				AF67AB2220592FCC000AFE27 /* TarifsViewController.swift in Sources */,
				A55722C72056D24000BBF2E9 /* BottomVC.swift in Sources */,
				3A799974203EC0F700036941 /* TimeLineControl.swift in Sources */,
				FBD91E79AD1400659FE15AA4 /* Place.swift in Sources */,
				FBD91A6BDC790E1C8C2C88AA /* Category.swift in Sources */,
				A55722CB2056DCDD00BBF2E9 /* Annotation.swift in Sources */,
				FBD91759918FEEEEDE7F709F /* DataMapper.swift in Sources */,
				06CDDFF22057E24C00C99D7A /* LieuxDataSource.swift in Sources */,
				FBD91BA9775BA429CB0F1C6E /* IdProtocol.swift in Sources */,
				3A799973203EC0F700036941 /* LineView.swift in Sources */,
				A55722B92056871000BBF2E9 /* LieuxViewController.swift in Sources */,
				3A799972203EC0F700036941 /* circleView.swift in Sources */,
				FBD91186237305BFD8410EE0 /* NameProtocol.swift in Sources */,
				A55722C92056D24400BBF2E9 /* ContentVC.swift in Sources */,
				FBD916A38D771EF8DA38C878 /* Extensions.swift in Sources */,
				FBD91821DBE596FA810DE019 /* Utils.swift in Sources */,
				FBD91BCF79065D2B51E6213D /* EventsDataSource.swift in Sources */,
			);
			runOnlyForDeploymentPostprocessing = 0;
		};
/* End PBXSourcesBuildPhase section */

/* Begin PBXVariantGroup section */
		3AF2602F2035C18100D7E022 /* Main.storyboard */ = {
			isa = PBXVariantGroup;
			children = (
				3AF260302035C18100D7E022 /* Base */,
			);
			name = Main.storyboard;
			sourceTree = "<group>";
		};
		3AF260342035C18100D7E022 /* LaunchScreen.storyboard */ = {
			isa = PBXVariantGroup;
			children = (
				3AF260352035C18100D7E022 /* Base */,
			);
			name = LaunchScreen.storyboard;
			sourceTree = "<group>";
		};
/* End PBXVariantGroup section */

/* Begin XCBuildConfiguration section */
		3AF260382035C18100D7E022 /* Debug */ = {
			isa = XCBuildConfiguration;
			buildSettings = {
				ALWAYS_SEARCH_USER_PATHS = NO;
				CLANG_ANALYZER_NONNULL = YES;
				CLANG_ANALYZER_NUMBER_OBJECT_CONVERSION = YES_AGGRESSIVE;
				CLANG_CXX_LANGUAGE_STANDARD = "gnu++14";
				CLANG_CXX_LIBRARY = "libc++";
				CLANG_ENABLE_MODULES = YES;
				CLANG_ENABLE_OBJC_ARC = YES;
				CLANG_WARN_BLOCK_CAPTURE_AUTORELEASING = YES;
				CLANG_WARN_BOOL_CONVERSION = YES;
				CLANG_WARN_COMMA = YES;
				CLANG_WARN_CONSTANT_CONVERSION = YES;
				CLANG_WARN_DIRECT_OBJC_ISA_USAGE = YES_ERROR;
				CLANG_WARN_DOCUMENTATION_COMMENTS = YES;
				CLANG_WARN_EMPTY_BODY = YES;
				CLANG_WARN_ENUM_CONVERSION = YES;
				CLANG_WARN_INFINITE_RECURSION = YES;
				CLANG_WARN_INT_CONVERSION = YES;
				CLANG_WARN_NON_LITERAL_NULL_CONVERSION = YES;
				CLANG_WARN_OBJC_LITERAL_CONVERSION = YES;
				CLANG_WARN_OBJC_ROOT_CLASS = YES_ERROR;
				CLANG_WARN_RANGE_LOOP_ANALYSIS = YES;
				CLANG_WARN_STRICT_PROTOTYPES = YES;
				CLANG_WARN_SUSPICIOUS_MOVE = YES;
				CLANG_WARN_UNGUARDED_AVAILABILITY = YES_AGGRESSIVE;
				CLANG_WARN_UNREACHABLE_CODE = YES;
				CLANG_WARN__DUPLICATE_METHOD_MATCH = YES;
				CODE_SIGN_IDENTITY = "iPhone Developer";
				COPY_PHASE_STRIP = NO;
				DEBUG_INFORMATION_FORMAT = dwarf;
				ENABLE_STRICT_OBJC_MSGSEND = YES;
				ENABLE_TESTABILITY = YES;
				GCC_C_LANGUAGE_STANDARD = gnu11;
				GCC_DYNAMIC_NO_PIC = NO;
				GCC_NO_COMMON_BLOCKS = YES;
				GCC_OPTIMIZATION_LEVEL = 0;
				GCC_PREPROCESSOR_DEFINITIONS = (
					"DEBUG=1",
					"$(inherited)",
				);
				GCC_WARN_64_TO_32_BIT_CONVERSION = YES;
				GCC_WARN_ABOUT_RETURN_TYPE = YES_ERROR;
				GCC_WARN_UNDECLARED_SELECTOR = YES;
				GCC_WARN_UNINITIALIZED_AUTOS = YES_AGGRESSIVE;
				GCC_WARN_UNUSED_FUNCTION = YES;
				GCC_WARN_UNUSED_VARIABLE = YES;
				IPHONEOS_DEPLOYMENT_TARGET = 11.2;
				MTL_ENABLE_DEBUG_INFO = YES;
				ONLY_ACTIVE_ARCH = YES;
				SDKROOT = iphoneos;
				SWIFT_ACTIVE_COMPILATION_CONDITIONS = DEBUG;
				SWIFT_OPTIMIZATION_LEVEL = "-Onone";
			};
			name = Debug;
		};
		3AF260392035C18100D7E022 /* Release */ = {
			isa = XCBuildConfiguration;
			buildSettings = {
				ALWAYS_SEARCH_USER_PATHS = NO;
				CLANG_ANALYZER_NONNULL = YES;
				CLANG_ANALYZER_NUMBER_OBJECT_CONVERSION = YES_AGGRESSIVE;
				CLANG_CXX_LANGUAGE_STANDARD = "gnu++14";
				CLANG_CXX_LIBRARY = "libc++";
				CLANG_ENABLE_MODULES = YES;
				CLANG_ENABLE_OBJC_ARC = YES;
				CLANG_WARN_BLOCK_CAPTURE_AUTORELEASING = YES;
				CLANG_WARN_BOOL_CONVERSION = YES;
				CLANG_WARN_COMMA = YES;
				CLANG_WARN_CONSTANT_CONVERSION = YES;
				CLANG_WARN_DIRECT_OBJC_ISA_USAGE = YES_ERROR;
				CLANG_WARN_DOCUMENTATION_COMMENTS = YES;
				CLANG_WARN_EMPTY_BODY = YES;
				CLANG_WARN_ENUM_CONVERSION = YES;
				CLANG_WARN_INFINITE_RECURSION = YES;
				CLANG_WARN_INT_CONVERSION = YES;
				CLANG_WARN_NON_LITERAL_NULL_CONVERSION = YES;
				CLANG_WARN_OBJC_LITERAL_CONVERSION = YES;
				CLANG_WARN_OBJC_ROOT_CLASS = YES_ERROR;
				CLANG_WARN_RANGE_LOOP_ANALYSIS = YES;
				CLANG_WARN_STRICT_PROTOTYPES = YES;
				CLANG_WARN_SUSPICIOUS_MOVE = YES;
				CLANG_WARN_UNGUARDED_AVAILABILITY = YES_AGGRESSIVE;
				CLANG_WARN_UNREACHABLE_CODE = YES;
				CLANG_WARN__DUPLICATE_METHOD_MATCH = YES;
				CODE_SIGN_IDENTITY = "iPhone Developer";
				COPY_PHASE_STRIP = NO;
				DEBUG_INFORMATION_FORMAT = "dwarf-with-dsym";
				ENABLE_NS_ASSERTIONS = NO;
				ENABLE_STRICT_OBJC_MSGSEND = YES;
				GCC_C_LANGUAGE_STANDARD = gnu11;
				GCC_NO_COMMON_BLOCKS = YES;
				GCC_WARN_64_TO_32_BIT_CONVERSION = YES;
				GCC_WARN_ABOUT_RETURN_TYPE = YES_ERROR;
				GCC_WARN_UNDECLARED_SELECTOR = YES;
				GCC_WARN_UNINITIALIZED_AUTOS = YES_AGGRESSIVE;
				GCC_WARN_UNUSED_FUNCTION = YES;
				GCC_WARN_UNUSED_VARIABLE = YES;
				IPHONEOS_DEPLOYMENT_TARGET = 11.2;
				MTL_ENABLE_DEBUG_INFO = NO;
				SDKROOT = iphoneos;
				SWIFT_OPTIMIZATION_LEVEL = "-Owholemodule";
				VALIDATE_PRODUCT = YES;
			};
			name = Release;
		};
		3AF2603B2035C18100D7E022 /* Debug */ = {
			isa = XCBuildConfiguration;
			baseConfigurationReference = 1AF4F4C03221CE5F39069D43 /* Pods-fnfa.debug.xcconfig */;
			buildSettings = {
				ASSETCATALOG_COMPILER_APPICON_NAME = AppIcon;
				CODE_SIGN_STYLE = Automatic;
				DEVELOPMENT_TEAM = 3SHT5T7XPS;
				INFOPLIST_FILE = fnfa/Info.plist;
				LD_RUNPATH_SEARCH_PATHS = "$(inherited) @executable_path/Frameworks";
				PRODUCT_BUNDLE_IDENTIFIER = com.yannischerif.fnfa;
				PRODUCT_NAME = "$(TARGET_NAME)";
				SWIFT_VERSION = 4.0;
				TARGETED_DEVICE_FAMILY = "1,2";
			};
			name = Debug;
		};
		3AF2603C2035C18100D7E022 /* Release */ = {
			isa = XCBuildConfiguration;
			baseConfigurationReference = D28F6579E1123505B8D33BD6 /* Pods-fnfa.release.xcconfig */;
			buildSettings = {
				ASSETCATALOG_COMPILER_APPICON_NAME = AppIcon;
				CODE_SIGN_STYLE = Automatic;
				DEVELOPMENT_TEAM = 3SHT5T7XPS;
				INFOPLIST_FILE = fnfa/Info.plist;
				LD_RUNPATH_SEARCH_PATHS = "$(inherited) @executable_path/Frameworks";
				PRODUCT_BUNDLE_IDENTIFIER = com.yannischerif.fnfa;
				PRODUCT_NAME = "$(TARGET_NAME)";
				SWIFT_VERSION = 4.0;
				TARGETED_DEVICE_FAMILY = "1,2";
			};
			name = Release;
		};
/* End XCBuildConfiguration section */

/* Begin XCConfigurationList section */
		3AF260232035C18100D7E022 /* Build configuration list for PBXProject "fnfa" */ = {
			isa = XCConfigurationList;
			buildConfigurations = (
				3AF260382035C18100D7E022 /* Debug */,
				3AF260392035C18100D7E022 /* Release */,
			);
			defaultConfigurationIsVisible = 0;
			defaultConfigurationName = Release;
		};
		3AF2603A2035C18100D7E022 /* Build configuration list for PBXNativeTarget "fnfa" */ = {
			isa = XCConfigurationList;
			buildConfigurations = (
				3AF2603B2035C18100D7E022 /* Debug */,
				3AF2603C2035C18100D7E022 /* Release */,
			);
			defaultConfigurationIsVisible = 0;
			defaultConfigurationName = Release;
		};
/* End XCConfigurationList section */
	};
	rootObject = 3AF260202035C18100D7E022 /* Project object */;
}
